
Microsoft Visual Studio Solution File, Format Version 12.00
# Visual Studio Version 17
VisualStudioVersion = 17.9.34723.18
MinimumVisualStudioVersion = 10.0.40219.1
Project("{FAE04EC0-301F-11D3-BF4B-00C04F79EFBC}") = "RestfulApiDev", "RestfulApiDev\RestfulApiDev.csproj", "{43F691A2-A390-4AD4-9623-94C3359B819D}"
EndProject
Global
	GlobalSection(SolutionConfigurationPlatforms) = preSolution
		Debug|Any CPU = Debug|Any CPU
		Release|Any CPU = Release|Any CPU
	EndGlobalSection
	GlobalSection(ProjectConfigurationPlatforms) = postSolution
		{43F691A2-A390-4AD4-9623-94C3359B819D}.Debug|Any CPU.ActiveCfg = Debug|Any CPU
		{43F691A2-A390-4AD4-9623-94C3359B819D}.Debug|Any CPU.Build.0 = Debug|Any CPU
		{43F691A2-A390-4AD4-9623-94C3359B819D}.Release|Any CPU.ActiveCfg = Release|Any CPU
		{43F691A2-A390-4AD4-9623-94C3359B819D}.Release|Any CPU.Build.0 = Release|Any CPU
	EndGlobalSection
	GlobalSection(SolutionProperties) = preSolution
		HideSolutionNode = FALSE
	EndGlobalSection
	GlobalSection(ExtensibilityGlobals) = postSolution
		SolutionGuid = {173B1EDB-92DF-4296-942A-A9CCBDCD2EA4}
	EndGlobalSection
EndGlobal
